
Microsoft Visual Studio Solution File, Format Version 11.00
# Visual Studio 2010
Project("{2857B73E-F847-4B02-9238-064979017E93}") = "PBSIM", "src\PBSIM.cproj", "{133C2F04-22B5-44CE-BD5F-7E2031A50985}"
EndProject
Global
	GlobalSection(SolutionConfigurationPlatforms) = preSolution
		Debug|Any CPU = Debug|Any CPU
		Release|Any CPU = Release|Any CPU
	EndGlobalSection
	GlobalSection(ProjectConfigurationPlatforms) = postSolution
		{133C2F04-22B5-44CE-BD5F-7E2031A50985}.Debug|Any CPU.ActiveCfg = Debug|Any CPU
		{133C2F04-22B5-44CE-BD5F-7E2031A50985}.Debug|Any CPU.Build.0 = Debug|Any CPU
		{133C2F04-22B5-44CE-BD5F-7E2031A50985}.Release|Any CPU.ActiveCfg = Release|Any CPU
		{133C2F04-22B5-44CE-BD5F-7E2031A50985}.Release|Any CPU.Build.0 = Release|Any CPU
	EndGlobalSection
	GlobalSection(MonoDevelopProperties) = preSolution
		StartupItem = src\PBSIM.cproj
	EndGlobalSection
EndGlobal
